// !$*UTF8*$!
{
	archiveVersion = 1;
	classes = {
	};
	objectVersion = 50;
	objects = {

/* Begin PBXBuildFile section */
		17771DB920A0244C00F46855 /* AppDelegate.swift in Sources */ = {isa = PBXBuildFile; fileRef = 17771DB820A0244C00F46855 /* AppDelegate.swift */; };
		17771DBC20A0244C00F46855 /* DepressiveDetector.xcdatamodeld in Sources */ = {isa = PBXBuildFile; fileRef = 17771DBA20A0244C00F46855 /* DepressiveDetector.xcdatamodeld */; };
		17771DBE20A0244C00F46855 /* MasterViewController.swift in Sources */ = {isa = PBXBuildFile; fileRef = 17771DBD20A0244C00F46855 /* MasterViewController.swift */; };
		17771DC020A0244C00F46855 /* DetailViewController.swift in Sources */ = {isa = PBXBuildFile; fileRef = 17771DBF20A0244C00F46855 /* DetailViewController.swift */; };
		17771DC320A0244C00F46855 /* Main.storyboard in Resources */ = {isa = PBXBuildFile; fileRef = 17771DC120A0244C00F46855 /* Main.storyboard */; };
		17771DC820A0244E00F46855 /* LaunchScreen.storyboard in Resources */ = {isa = PBXBuildFile; fileRef = 17771DC620A0244E00F46855 /* LaunchScreen.storyboard */; };
		17771DD320A0244E00F46855 /* DepressiveDetectorTests.swift in Sources */ = {isa = PBXBuildFile; fileRef = 17771DD220A0244E00F46855 /* DepressiveDetectorTests.swift */; };
		17771DDE20A0244E00F46855 /* DepressiveDetectorUITests.swift in Sources */ = {isa = PBXBuildFile; fileRef = 17771DDD20A0244E00F46855 /* DepressiveDetectorUITests.swift */; };
		17771DEC20A027FD00F46855 /* Media.xcassets in Resources */ = {isa = PBXBuildFile; fileRef = 17771DEB20A027FD00F46855 /* Media.xcassets */; };
		17A35B2020A0546F00532940 /* ChildViewController.swift in Sources */ = {isa = PBXBuildFile; fileRef = 17A35B1F20A0546F00532940 /* ChildViewController.swift */; };
		17EC9F1620A9A6660013F19E /* BarEntry.swift in Sources */ = {isa = PBXBuildFile; fileRef = 17C4B6C020A9947C00599E75 /* BarEntry.swift */; };
		17EC9F1720A9A6660013F19E /* BasicBarChart.swift in Sources */ = {isa = PBXBuildFile; fileRef = 17C4B6C120A9947C00599E75 /* BasicBarChart.swift */; };
		17EC9F1820A9A6660013F19E /* BeautifulBarChart.swift in Sources */ = {isa = PBXBuildFile; fileRef = 17C4B6C220A9947C00599E75 /* BeautifulBarChart.swift */; };
		17EC9F1A20A9A6760013F19E /* Media.xcassets in Sources */ = {isa = PBXBuildFile; fileRef = 17771DEB20A027FD00F46855 /* Media.xcassets */; };
/* End PBXBuildFile section */

/* Begin PBXContainerItemProxy section */
		17771DCF20A0244E00F46855 /* PBXContainerItemProxy */ = {
			isa = PBXContainerItemProxy;
			containerPortal = 17771DAD20A0244C00F46855 /* Project object */;
			proxyType = 1;
			remoteGlobalIDString = 17771DB420A0244C00F46855;
			remoteInfo = DepressiveDetector;
		};
		17771DDA20A0244E00F46855 /* PBXContainerItemProxy */ = {
			isa = PBXContainerItemProxy;
			containerPortal = 17771DAD20A0244C00F46855 /* Project object */;
			proxyType = 1;
			remoteGlobalIDString = 17771DB420A0244C00F46855;
			remoteInfo = DepressiveDetector;
		};
/* End PBXContainerItemProxy section */

/* Begin PBXFileReference section */
		17771DB520A0244C00F46855 /* DepressiveDetector.app */ = {isa = PBXFileReference; explicitFileType = wrapper.application; includeInIndex = 0; path = DepressiveDetector.app; sourceTree = BUILT_PRODUCTS_DIR; };
		17771DB820A0244C00F46855 /* AppDelegate.swift */ = {isa = PBXFileReference; lastKnownFileType = sourcecode.swift; path = AppDelegate.swift; sourceTree = "<group>"; };
		17771DBB20A0244C00F46855 /* DepressiveDetector.xcdatamodel */ = {isa = PBXFileReference; lastKnownFileType = wrapper.xcdatamodel; path = DepressiveDetector.xcdatamodel; sourceTree = "<group>"; };
		17771DBD20A0244C00F46855 /* MasterViewController.swift */ = {isa = PBXFileReference; lastKnownFileType = sourcecode.swift; path = MasterViewController.swift; sourceTree = "<group>"; };
		17771DBF20A0244C00F46855 /* DetailViewController.swift */ = {isa = PBXFileReference; lastKnownFileType = sourcecode.swift; path = DetailViewController.swift; sourceTree = "<group>"; };
		17771DC220A0244C00F46855 /* Base */ = {isa = PBXFileReference; lastKnownFileType = file.storyboard; name = Base; path = Base.lproj/Main.storyboard; sourceTree = "<group>"; };
		17771DC720A0244E00F46855 /* Base */ = {isa = PBXFileReference; lastKnownFileType = file.storyboard; name = Base; path = Base.lproj/LaunchScreen.storyboard; sourceTree = "<group>"; };
		17771DC920A0244E00F46855 /* Info.plist */ = {isa = PBXFileReference; lastKnownFileType = text.plist.xml; path = Info.plist; sourceTree = "<group>"; };
		17771DCE20A0244E00F46855 /* DepressiveDetectorTests.xctest */ = {isa = PBXFileReference; explicitFileType = wrapper.cfbundle; includeInIndex = 0; path = DepressiveDetectorTests.xctest; sourceTree = BUILT_PRODUCTS_DIR; };
		17771DD220A0244E00F46855 /* DepressiveDetectorTests.swift */ = {isa = PBXFileReference; lastKnownFileType = sourcecode.swift; path = DepressiveDetectorTests.swift; sourceTree = "<group>"; };
		17771DD420A0244E00F46855 /* Info.plist */ = {isa = PBXFileReference; lastKnownFileType = text.plist.xml; path = Info.plist; sourceTree = "<group>"; };
		17771DD920A0244E00F46855 /* DepressiveDetectorUITests.xctest */ = {isa = PBXFileReference; explicitFileType = wrapper.cfbundle; includeInIndex = 0; path = DepressiveDetectorUITests.xctest; sourceTree = BUILT_PRODUCTS_DIR; };
		17771DDD20A0244E00F46855 /* DepressiveDetectorUITests.swift */ = {isa = PBXFileReference; lastKnownFileType = sourcecode.swift; path = DepressiveDetectorUITests.swift; sourceTree = "<group>"; };
		17771DDF20A0244E00F46855 /* Info.plist */ = {isa = PBXFileReference; lastKnownFileType = text.plist.xml; path = Info.plist; sourceTree = "<group>"; };
		17771DEB20A027FD00F46855 /* Media.xcassets */ = {isa = PBXFileReference; lastKnownFileType = folder.assetcatalog; path = Media.xcassets; sourceTree = "<group>"; };
		17A35B1F20A0546F00532940 /* ChildViewController.swift */ = {isa = PBXFileReference; lastKnownFileType = sourcecode.swift; path = ChildViewController.swift; sourceTree = "<group>"; };
		17C4B6C020A9947C00599E75 /* BarEntry.swift */ = {isa = PBXFileReference; lastKnownFileType = sourcecode.swift; path = BarEntry.swift; sourceTree = "<group>"; };
		17C4B6C120A9947C00599E75 /* BasicBarChart.swift */ = {isa = PBXFileReference; lastKnownFileType = sourcecode.swift; path = BasicBarChart.swift; sourceTree = "<group>"; };
		17C4B6C220A9947C00599E75 /* BeautifulBarChart.swift */ = {isa = PBXFileReference; lastKnownFileType = sourcecode.swift; path = BeautifulBarChart.swift; sourceTree = "<group>"; };
/* End PBXFileReference section */

/* Begin PBXFrameworksBuildPhase section */
		17771DB220A0244C00F46855 /* Frameworks */ = {
			isa = PBXFrameworksBuildPhase;
			buildActionMask = 2147483647;
			files = (
			);
			runOnlyForDeploymentPostprocessing = 0;
		};
		17771DCB20A0244E00F46855 /* Frameworks */ = {
			isa = PBXFrameworksBuildPhase;
			buildActionMask = 2147483647;
			files = (
			);
			runOnlyForDeploymentPostprocessing = 0;
		};
		17771DD620A0244E00F46855 /* Frameworks */ = {
			isa = PBXFrameworksBuildPhase;
			buildActionMask = 2147483647;
			files = (
			);
			runOnlyForDeploymentPostprocessing = 0;
		};
/* End PBXFrameworksBuildPhase section */

/* Begin PBXGroup section */
		17771DAC20A0244C00F46855 = {
			isa = PBXGroup;
			children = (
				17771DB720A0244C00F46855 /* DepressiveDetector */,
				17771DD120A0244E00F46855 /* DepressiveDetectorTests */,
				17771DDC20A0244E00F46855 /* DepressiveDetectorUITests */,
				17771DB620A0244C00F46855 /* Products */,
			);
			sourceTree = "<group>";
		};
		17771DB620A0244C00F46855 /* Products */ = {
			isa = PBXGroup;
			children = (
				17771DB520A0244C00F46855 /* DepressiveDetector.app */,
				17771DCE20A0244E00F46855 /* DepressiveDetectorTests.xctest */,
				17771DD920A0244E00F46855 /* DepressiveDetectorUITests.xctest */,
			);
			name = Products;
			sourceTree = "<group>";
		};
		17771DB720A0244C00F46855 /* DepressiveDetector */ = {
			isa = PBXGroup;
			children = (
				17C4B6C420A994BB00599E75 /* BarChart */,
				17771DBA20A0244C00F46855 /* DepressiveDetector.xcdatamodeld */,
				17771DB820A0244C00F46855 /* AppDelegate.swift */,
				17771DBD20A0244C00F46855 /* MasterViewController.swift */,
				17771DBF20A0244C00F46855 /* DetailViewController.swift */,
				17A35B1F20A0546F00532940 /* ChildViewController.swift */,
				17771DC120A0244C00F46855 /* Main.storyboard */,
				17771DC620A0244E00F46855 /* LaunchScreen.storyboard */,
				17771DC920A0244E00F46855 /* Info.plist */,
				17771DEB20A027FD00F46855 /* Media.xcassets */,
			);
			path = DepressiveDetector;
			sourceTree = "<group>";
		};
		17771DD120A0244E00F46855 /* DepressiveDetectorTests */ = {
			isa = PBXGroup;
			children = (
				17771DD220A0244E00F46855 /* DepressiveDetectorTests.swift */,
				17771DD420A0244E00F46855 /* Info.plist */,
			);
			path = DepressiveDetectorTests;
			sourceTree = "<group>";
		};
		17771DDC20A0244E00F46855 /* DepressiveDetectorUITests */ = {
			isa = PBXGroup;
			children = (
				17771DDD20A0244E00F46855 /* DepressiveDetectorUITests.swift */,
				17771DDF20A0244E00F46855 /* Info.plist */,
			);
			path = DepressiveDetectorUITests;
			sourceTree = "<group>";
		};
		17C4B6C420A994BB00599E75 /* BarChart */ = {
			isa = PBXGroup;
			children = (
				17C4B6C120A9947C00599E75 /* BasicBarChart.swift */,
				17C4B6C020A9947C00599E75 /* BarEntry.swift */,
				17C4B6C220A9947C00599E75 /* BeautifulBarChart.swift */,
			);
			name = BarChart;
			sourceTree = "<group>";
		};
/* End PBXGroup section */

/* Begin PBXNativeTarget section */
		17771DB420A0244C00F46855 /* DepressiveDetector */ = {
			isa = PBXNativeTarget;
			buildConfigurationList = 17771DE220A0244E00F46855 /* Build configuration list for PBXNativeTarget "DepressiveDetector" */;
			buildPhases = (
				17771DB120A0244C00F46855 /* Sources */,
				17771DB220A0244C00F46855 /* Frameworks */,
				17771DB320A0244C00F46855 /* Resources */,
			);
			buildRules = (
			);
			dependencies = (
			);
			name = DepressiveDetector;
			productName = DepressiveDetector;
			productReference = 17771DB520A0244C00F46855 /* DepressiveDetector.app */;
			productType = "com.apple.product-type.application";
		};
		17771DCD20A0244E00F46855 /* DepressiveDetectorTests */ = {
			isa = PBXNativeTarget;
			buildConfigurationList = 17771DE520A0244E00F46855 /* Build configuration list for PBXNativeTarget "DepressiveDetectorTests" */;
			buildPhases = (
				17771DCA20A0244E00F46855 /* Sources */,
				17771DCB20A0244E00F46855 /* Frameworks */,
				17771DCC20A0244E00F46855 /* Resources */,
			);
			buildRules = (
			);
			dependencies = (
				17771DD020A0244E00F46855 /* PBXTargetDependency */,
			);
			name = DepressiveDetectorTests;
			productName = DepressiveDetectorTests;
			productReference = 17771DCE20A0244E00F46855 /* DepressiveDetectorTests.xctest */;
			productType = "com.apple.product-type.bundle.unit-test";
		};
		17771DD820A0244E00F46855 /* DepressiveDetectorUITests */ = {
			isa = PBXNativeTarget;
			buildConfigurationList = 17771DE820A0244E00F46855 /* Build configuration list for PBXNativeTarget "DepressiveDetectorUITests" */;
			buildPhases = (
				17771DD520A0244E00F46855 /* Sources */,
				17771DD620A0244E00F46855 /* Frameworks */,
				17771DD720A0244E00F46855 /* Resources */,
			);
			buildRules = (
			);
			dependencies = (
				17771DDB20A0244E00F46855 /* PBXTargetDependency */,
			);
			name = DepressiveDetectorUITests;
			productName = DepressiveDetectorUITests;
			productReference = 17771DD920A0244E00F46855 /* DepressiveDetectorUITests.xctest */;
			productType = "com.apple.product-type.bundle.ui-testing";
		};
/* End PBXNativeTarget section */

/* Begin PBXProject section */
		17771DAD20A0244C00F46855 /* Project object */ = {
			isa = PBXProject;
			attributes = {
				LastSwiftUpdateCheck = 0930;
				LastUpgradeCheck = 0930;
				ORGANIZATIONNAME = "Oliver Chi";
				TargetAttributes = {
					17771DB420A0244C00F46855 = {
						CreatedOnToolsVersion = 9.3;
					};
					17771DCD20A0244E00F46855 = {
						CreatedOnToolsVersion = 9.3;
						TestTargetID = 17771DB420A0244C00F46855;
					};
					17771DD820A0244E00F46855 = {
						CreatedOnToolsVersion = 9.3;
						TestTargetID = 17771DB420A0244C00F46855;
					};
				};
			};
			buildConfigurationList = 17771DB020A0244C00F46855 /* Build configuration list for PBXProject "DepressiveDetector" */;
			compatibilityVersion = "Xcode 9.3";
			developmentRegion = en;
			hasScannedForEncodings = 0;
			knownRegions = (
				en,
				Base,
			);
			mainGroup = 17771DAC20A0244C00F46855;
			productRefGroup = 17771DB620A0244C00F46855 /* Products */;
			projectDirPath = "";
			projectRoot = "";
			targets = (
				17771DB420A0244C00F46855 /* DepressiveDetector */,
				17771DCD20A0244E00F46855 /* DepressiveDetectorTests */,
				17771DD820A0244E00F46855 /* DepressiveDetectorUITests */,
			);
		};
/* End PBXProject section */

/* Begin PBXResourcesBuildPhase section */
		17771DB320A0244C00F46855 /* Resources */ = {
			isa = PBXResourcesBuildPhase;
			buildActionMask = 2147483647;
			files = (
				17771DC820A0244E00F46855 /* LaunchScreen.storyboard in Resources */,
				17771DEC20A027FD00F46855 /* Media.xcassets in Resources */,
				17771DC320A0244C00F46855 /* Main.storyboard in Resources */,
			);
			runOnlyForDeploymentPostprocessing = 0;
		};
		17771DCC20A0244E00F46855 /* Resources */ = {
			isa = PBXResourcesBuildPhase;
			buildActionMask = 2147483647;
			files = (
			);
			runOnlyForDeploymentPostprocessing = 0;
		};
		17771DD720A0244E00F46855 /* Resources */ = {
			isa = PBXResourcesBuildPhase;
			buildActionMask = 2147483647;
			files = (
			);
			runOnlyForDeploymentPostprocessing = 0;
		};
/* End PBXResourcesBuildPhase section */

/* Begin PBXSourcesBuildPhase section */
		17771DB120A0244C00F46855 /* Sources */ = {
			isa = PBXSourcesBuildPhase;
			buildActionMask = 2147483647;
			files = (
				17EC9F1A20A9A6760013F19E /* Media.xcassets in Sources */,
				17EC9F1620A9A6660013F19E /* BarEntry.swift in Sources */,
				17EC9F1720A9A6660013F19E /* BasicBarChart.swift in Sources */,
				17EC9F1820A9A6660013F19E /* BeautifulBarChart.swift in Sources */,
				17771DB920A0244C00F46855 /* AppDelegate.swift in Sources */,
				17A35B2020A0546F00532940 /* ChildViewController.swift in Sources */,
				17771DBC20A0244C00F46855 /* DepressiveDetector.xcdatamodeld in Sources */,
				17771DBE20A0244C00F46855 /* MasterViewController.swift in Sources */,
				17771DC020A0244C00F46855 /* DetailViewController.swift in Sources */,
			);
			runOnlyForDeploymentPostprocessing = 0;
		};
		17771DCA20A0244E00F46855 /* Sources */ = {
			isa = PBXSourcesBuildPhase;
			buildActionMask = 2147483647;
			files = (
				17771DD320A0244E00F46855 /* DepressiveDetectorTests.swift in Sources */,
			);
			runOnlyForDeploymentPostprocessing = 0;
		};
		17771DD520A0244E00F46855 /* Sources */ = {
			isa = PBXSourcesBuildPhase;
			buildActionMask = 2147483647;
			files = (
				17771DDE20A0244E00F46855 /* DepressiveDetectorUITests.swift in Sources */,
			);
			runOnlyForDeploymentPostprocessing = 0;
		};
/* End PBXSourcesBuildPhase section */

/* Begin PBXTargetDependency section */
		17771DD020A0244E00F46855 /* PBXTargetDependency */ = {
			isa = PBXTargetDependency;
			target = 17771DB420A0244C00F46855 /* DepressiveDetector */;
			targetProxy = 17771DCF20A0244E00F46855 /* PBXContainerItemProxy */;
		};
		17771DDB20A0244E00F46855 /* PBXTargetDependency */ = {
			isa = PBXTargetDependency;
			target = 17771DB420A0244C00F46855 /* DepressiveDetector */;
			targetProxy = 17771DDA20A0244E00F46855 /* PBXContainerItemProxy */;
		};
/* End PBXTargetDependency section */

/* Begin PBXVariantGroup section */
		17771DC120A0244C00F46855 /* Main.storyboard */ = {
			isa = PBXVariantGroup;
			children = (
				17771DC220A0244C00F46855 /* Base */,
			);
			name = Main.storyboard;
			sourceTree = "<group>";
		};
		17771DC620A0244E00F46855 /* LaunchScreen.storyboard */ = {
			isa = PBXVariantGroup;
			children = (
				17771DC720A0244E00F46855 /* Base */,
			);
			name = LaunchScreen.storyboard;
			sourceTree = "<group>";
		};
/* End PBXVariantGroup section */

/* Begin XCBuildConfiguration section */
		17771DE020A0244E00F46855 /* Debug */ = {
			isa = XCBuildConfiguration;
			buildSettings = {
				ALWAYS_SEARCH_USER_PATHS = NO;
				CLANG_ANALYZER_NONNULL = YES;
				CLANG_ANALYZER_NUMBER_OBJECT_CONVERSION = YES_AGGRESSIVE;
				CLANG_CXX_LANGUAGE_STANDARD = "gnu++14";
				CLANG_CXX_LIBRARY = "libc++";
				CLANG_ENABLE_MODULES = YES;
				CLANG_ENABLE_OBJC_ARC = YES;
				CLANG_ENABLE_OBJC_WEAK = YES;
				CLANG_WARN_BLOCK_CAPTURE_AUTORELEASING = YES;
				CLANG_WARN_BOOL_CONVERSION = YES;
				CLANG_WARN_COMMA = YES;
				CLANG_WARN_CONSTANT_CONVERSION = YES;
				CLANG_WARN_DEPRECATED_OBJC_IMPLEMENTATIONS = YES;
				CLANG_WARN_DIRECT_OBJC_ISA_USAGE = YES_ERROR;
				CLANG_WARN_DOCUMENTATION_COMMENTS = YES;
				CLANG_WARN_EMPTY_BODY = YES;
				CLANG_WARN_ENUM_CONVERSION = YES;
				CLANG_WARN_INFINITE_RECURSION = YES;
				CLANG_WARN_INT_CONVERSION = YES;
				CLANG_WARN_NON_LITERAL_NULL_CONVERSION = YES;
				CLANG_WARN_OBJC_IMPLICIT_RETAIN_SELF = YES;
				CLANG_WARN_OBJC_LITERAL_CONVERSION = YES;
				CLANG_WARN_OBJC_ROOT_CLASS = YES_ERROR;
				CLANG_WARN_RANGE_LOOP_ANALYSIS = YES;
				CLANG_WARN_STRICT_PROTOTYPES = YES;
				CLANG_WARN_SUSPICIOUS_MOVE = YES;
				CLANG_WARN_UNGUARDED_AVAILABILITY = YES_AGGRESSIVE;
				CLANG_WARN_UNREACHABLE_CODE = YES;
				CLANG_WARN__DUPLICATE_METHOD_MATCH = YES;
				CODE_SIGN_IDENTITY = "iPhone Developer";
				COPY_PHASE_STRIP = NO;
				DEBUG_INFORMATION_FORMAT = dwarf;
				ENABLE_STRICT_OBJC_MSGSEND = YES;
				ENABLE_TESTABILITY = YES;
				GCC_C_LANGUAGE_STANDARD = gnu11;
				GCC_DYNAMIC_NO_PIC = NO;
				GCC_NO_COMMON_BLOCKS = YES;
				GCC_OPTIMIZATION_LEVEL = 0;
				GCC_PREPROCESSOR_DEFINITIONS = (
					"DEBUG=1",
					"$(inherited)",
				);
				GCC_WARN_64_TO_32_BIT_CONVERSION = YES;
				GCC_WARN_ABOUT_RETURN_TYPE = YES_ERROR;
				GCC_WARN_UNDECLARED_SELECTOR = YES;
				GCC_WARN_UNINITIALIZED_AUTOS = YES_AGGRESSIVE;
				GCC_WARN_UNUSED_FUNCTION = YES;
				GCC_WARN_UNUSED_VARIABLE = YES;
				IPHONEOS_DEPLOYMENT_TARGET = 11.3;
				MTL_ENABLE_DEBUG_INFO = YES;
				ONLY_ACTIVE_ARCH = YES;
				SDKROOT = iphoneos;
				SWIFT_ACTIVE_COMPILATION_CONDITIONS = DEBUG;
				SWIFT_OPTIMIZATION_LEVEL = "-Onone";
			};
			name = Debug;
		};
		17771DE120A0244E00F46855 /* Release */ = {
			isa = XCBuildConfiguration;
			buildSettings = {
				ALWAYS_SEARCH_USER_PATHS = NO;
				CLANG_ANALYZER_NONNULL = YES;
				CLANG_ANALYZER_NUMBER_OBJECT_CONVERSION = YES_AGGRESSIVE;
				CLANG_CXX_LANGUAGE_STANDARD = "gnu++14";
				CLANG_CXX_LIBRARY = "libc++";
				CLANG_ENABLE_MODULES = YES;
				CLANG_ENABLE_OBJC_ARC = YES;
				CLANG_ENABLE_OBJC_WEAK = YES;
				CLANG_WARN_BLOCK_CAPTURE_AUTORELEASING = YES;
				CLANG_WARN_BOOL_CONVERSION = YES;
				CLANG_WARN_COMMA = YES;
				CLANG_WARN_CONSTANT_CONVERSION = YES;
				CLANG_WARN_DEPRECATED_OBJC_IMPLEMENTATIONS = YES;
				CLANG_WARN_DIRECT_OBJC_ISA_USAGE = YES_ERROR;
				CLANG_WARN_DOCUMENTATION_COMMENTS = YES;
				CLANG_WARN_EMPTY_BODY = YES;
				CLANG_WARN_ENUM_CONVERSION = YES;
				CLANG_WARN_INFINITE_RECURSION = YES;
				CLANG_WARN_INT_CONVERSION = YES;
				CLANG_WARN_NON_LITERAL_NULL_CONVERSION = YES;
				CLANG_WARN_OBJC_IMPLICIT_RETAIN_SELF = YES;
				CLANG_WARN_OBJC_LITERAL_CONVERSION = YES;
				CLANG_WARN_OBJC_ROOT_CLASS = YES_ERROR;
				CLANG_WARN_RANGE_LOOP_ANALYSIS = YES;
				CLANG_WARN_STRICT_PROTOTYPES = YES;
				CLANG_WARN_SUSPICIOUS_MOVE = YES;
				CLANG_WARN_UNGUARDED_AVAILABILITY = YES_AGGRESSIVE;
				CLANG_WARN_UNREACHABLE_CODE = YES;
				CLANG_WARN__DUPLICATE_METHOD_MATCH = YES;
				CODE_SIGN_IDENTITY = "iPhone Developer";
				COPY_PHASE_STRIP = NO;
				DEBUG_INFORMATION_FORMAT = "dwarf-with-dsym";
				ENABLE_NS_ASSERTIONS = NO;
				ENABLE_STRICT_OBJC_MSGSEND = YES;
				GCC_C_LANGUAGE_STANDARD = gnu11;
				GCC_NO_COMMON_BLOCKS = YES;
				GCC_WARN_64_TO_32_BIT_CONVERSION = YES;
				GCC_WARN_ABOUT_RETURN_TYPE = YES_ERROR;
				GCC_WARN_UNDECLARED_SELECTOR = YES;
				GCC_WARN_UNINITIALIZED_AUTOS = YES_AGGRESSIVE;
				GCC_WARN_UNUSED_FUNCTION = YES;
				GCC_WARN_UNUSED_VARIABLE = YES;
				IPHONEOS_DEPLOYMENT_TARGET = 11.3;
				MTL_ENABLE_DEBUG_INFO = NO;
				SDKROOT = iphoneos;
				SWIFT_COMPILATION_MODE = wholemodule;
				SWIFT_OPTIMIZATION_LEVEL = "-O";
				VALIDATE_PRODUCT = YES;
			};
			name = Release;
		};
		17771DE320A0244E00F46855 /* Debug */ = {
			isa = XCBuildConfiguration;
			buildSettings = {
				ASSETCATALOG_COMPILER_APPICON_NAME = AppIcon;
				CODE_SIGN_STYLE = Automatic;
				DEVELOPMENT_TEAM = 4PM269927K;
				INFOPLIST_FILE = DepressiveDetector/Info.plist;
				LD_RUNPATH_SEARCH_PATHS = (
					"$(inherited)",
					"@executable_path/Frameworks",
				);
				PRODUCT_BUNDLE_IDENTIFIER = com.oliverchi.DepressiveDetector;
				PRODUCT_NAME = "$(TARGET_NAME)";
				SWIFT_VERSION = 4.0;
				TARGETED_DEVICE_FAMILY = "1,2";
			};
			name = Debug;
		};
		17771DE420A0244E00F46855 /* Release */ = {
			isa = XCBuildConfiguration;
			buildSettings = {
				ASSETCATALOG_COMPILER_APPICON_NAME = AppIcon;
				CODE_SIGN_STYLE = Automatic;
				DEVELOPMENT_TEAM = 4PM269927K;
				INFOPLIST_FILE = DepressiveDetector/Info.plist;
				LD_RUNPATH_SEARCH_PATHS = (
					"$(inherited)",
					"@executable_path/Frameworks",
				);
				PRODUCT_BUNDLE_IDENTIFIER = com.oliverchi.DepressiveDetector;
				PRODUCT_NAME = "$(TARGET_NAME)";
				SWIFT_VERSION = 4.0;
				TARGETED_DEVICE_FAMILY = "1,2";
			};
			name = Release;
		};
		17771DE620A0244E00F46855 /* Debug */ = {
			isa = XCBuildConfiguration;
			buildSettings = {
				ALWAYS_EMBED_SWIFT_STANDARD_LIBRARIES = YES;
				BUNDLE_LOADER = "$(TEST_HOST)";
				CODE_SIGN_STYLE = Automatic;
				DEVELOPMENT_TEAM = 4PM269927K;
				INFOPLIST_FILE = DepressiveDetectorTests/Info.plist;
				LD_RUNPATH_SEARCH_PATHS = (
					"$(inherited)",
					"@executable_path/Frameworks",
					"@loader_path/Frameworks",
				);
				PRODUCT_BUNDLE_IDENTIFIER = com.oliverchi.DepressiveDetectorTests;
				PRODUCT_NAME = "$(TARGET_NAME)";
				SWIFT_VERSION = 4.0;
				TARGETED_DEVICE_FAMILY = "1,2";
				TEST_HOST = "$(BUILT_PRODUCTS_DIR)/DepressiveDetector.app/DepressiveDetector";
			};
			name = Debug;
		};
		17771DE720A0244E00F46855 /* Release */ = {
			isa = XCBuildConfiguration;
			buildSettings = {
				ALWAYS_EMBED_SWIFT_STANDARD_LIBRARIES = YES;
				BUNDLE_LOADER = "$(TEST_HOST)";
				CODE_SIGN_STYLE = Automatic;
				DEVELOPMENT_TEAM = 4PM269927K;
				INFOPLIST_FILE = DepressiveDetectorTests/Info.plist;
				LD_RUNPATH_SEARCH_PATHS = (
					"$(inherited)",
					"@executable_path/Frameworks",
					"@loader_path/Frameworks",
				);
				PRODUCT_BUNDLE_IDENTIFIER = com.oliverchi.DepressiveDetectorTests;
				PRODUCT_NAME = "$(TARGET_NAME)";
				SWIFT_VERSION = 4.0;
				TARGETED_DEVICE_FAMILY = "1,2";
				TEST_HOST = "$(BUILT_PRODUCTS_DIR)/DepressiveDetector.app/DepressiveDetector";
			};
			name = Release;
		};
		17771DE920A0244E00F46855 /* Debug */ = {
			isa = XCBuildConfiguration;
			buildSettings = {
				ALWAYS_EMBED_SWIFT_STANDARD_LIBRARIES = YES;
				CODE_SIGN_STYLE = Automatic;
				DEVELOPMENT_TEAM = 4PM269927K;
				INFOPLIST_FILE = DepressiveDetectorUITests/Info.plist;
				LD_RUNPATH_SEARCH_PATHS = (
					"$(inherited)",
					"@executable_path/Frameworks",
					"@loader_path/Frameworks",
				);
				PRODUCT_BUNDLE_IDENTIFIER = com.oliverchi.DepressiveDetectorUITests;
				PRODUCT_NAME = "$(TARGET_NAME)";
				SWIFT_VERSION = 4.0;
				TARGETED_DEVICE_FAMILY = "1,2";
				TEST_TARGET_NAME = DepressiveDetector;
			};
			name = Debug;
		};
		17771DEA20A0244E00F46855 /* Release */ = {
			isa = XCBuildConfiguration;
			buildSettings = {
				ALWAYS_EMBED_SWIFT_STANDARD_LIBRARIES = YES;
				CODE_SIGN_STYLE = Automatic;
				DEVELOPMENT_TEAM = 4PM269927K;
				INFOPLIST_FILE = DepressiveDetectorUITests/Info.plist;
				LD_RUNPATH_SEARCH_PATHS = (
					"$(inherited)",
					"@executable_path/Frameworks",
					"@loader_path/Frameworks",
				);
				PRODUCT_BUNDLE_IDENTIFIER = com.oliverchi.DepressiveDetectorUITests;
				PRODUCT_NAME = "$(TARGET_NAME)";
				SWIFT_VERSION = 4.0;
				TARGETED_DEVICE_FAMILY = "1,2";
				TEST_TARGET_NAME = DepressiveDetector;
			};
			name = Release;
		};
/* End XCBuildConfiguration section */

/* Begin XCConfigurationList section */
		17771DB020A0244C00F46855 /* Build configuration list for PBXProject "DepressiveDetector" */ = {
			isa = XCConfigurationList;
			buildConfigurations = (
				17771DE020A0244E00F46855 /* Debug */,
				17771DE120A0244E00F46855 /* Release */,
			);
			defaultConfigurationIsVisible = 0;
			defaultConfigurationName = Release;
		};
		17771DE220A0244E00F46855 /* Build configuration list for PBXNativeTarget "DepressiveDetector" */ = {
			isa = XCConfigurationList;
			buildConfigurations = (
				17771DE320A0244E00F46855 /* Debug */,
				17771DE420A0244E00F46855 /* Release */,
			);
			defaultConfigurationIsVisible = 0;
			defaultConfigurationName = Release;
		};
		17771DE520A0244E00F46855 /* Build configuration list for PBXNativeTarget "DepressiveDetectorTests" */ = {
			isa = XCConfigurationList;
			buildConfigurations = (
				17771DE620A0244E00F46855 /* Debug */,
				17771DE720A0244E00F46855 /* Release */,
			);
			defaultConfigurationIsVisible = 0;
			defaultConfigurationName = Release;
		};
		17771DE820A0244E00F46855 /* Build configuration list for PBXNativeTarget "DepressiveDetectorUITests" */ = {
			isa = XCConfigurationList;
			buildConfigurations = (
				17771DE920A0244E00F46855 /* Debug */,
				17771DEA20A0244E00F46855 /* Release */,
			);
			defaultConfigurationIsVisible = 0;
			defaultConfigurationName = Release;
		};
/* End XCConfigurationList section */

/* Begin XCVersionGroup section */
		17771DBA20A0244C00F46855 /* DepressiveDetector.xcdatamodeld */ = {
			isa = XCVersionGroup;
			children = (
				17771DBB20A0244C00F46855 /* DepressiveDetector.xcdatamodel */,
			);
			currentVersion = 17771DBB20A0244C00F46855 /* DepressiveDetector.xcdatamodel */;
			path = DepressiveDetector.xcdatamodeld;
			sourceTree = "<group>";
			versionGroupType = wrapper.xcdatamodel;
		};
/* End XCVersionGroup section */
	};
	rootObject = 17771DAD20A0244C00F46855 /* Project object */;
}
